// !$*UTF8*$!
{
	archiveVersion = 1;
	classes = {
	};
	objectVersion = 51;
	objects = {

/* Begin PBXBuildFile section */
		283C8481274D66B2005A17AC /* GalleryCollectionViewCell.swift in Sources */ = {isa = PBXBuildFile; fileRef = 283C8480274D66B2005A17AC /* GalleryCollectionViewCell.swift */; };
		283C8483274D8997005A17AC /* User.swift in Sources */ = {isa = PBXBuildFile; fileRef = 283C8482274D8997005A17AC /* User.swift */; };
		283C84852755C77F005A17AC /* Pods_Final_Project_App.framework in Frameworks */ = {isa = PBXBuildFile; fileRef = 283C84842755C77F005A17AC /* Pods_Final_Project_App.framework */; };
		283C84862755C77F005A17AC /* Pods_Final_Project_App.framework in Embed Frameworks */ = {isa = PBXBuildFile; fileRef = 283C84842755C77F005A17AC /* Pods_Final_Project_App.framework */; settings = {ATTRIBUTES = (CodeSignOnCopy, RemoveHeadersOnCopy, ); }; };
		2885BE362739C5270083911B /* GoogleService-Info.plist in Resources */ = {isa = PBXBuildFile; fileRef = 2885BE352739C5270083911B /* GoogleService-Info.plist */; };
		28AC8A09273A256F001B8421 /* SignUpViewController.swift in Sources */ = {isa = PBXBuildFile; fileRef = 28AC8A08273A256F001B8421 /* SignUpViewController.swift */; };
		28AC8A0B273A259A001B8421 /* LoginViewController.swift in Sources */ = {isa = PBXBuildFile; fileRef = 28AC8A0A273A259A001B8421 /* LoginViewController.swift */; };
		28AC8A0D273A2F74001B8421 /* BootUpViewController.swift in Sources */ = {isa = PBXBuildFile; fileRef = 28AC8A0C273A2F73001B8421 /* BootUpViewController.swift */; };
		28AC8A0F273ADC81001B8421 /* Utilities.swift in Sources */ = {isa = PBXBuildFile; fileRef = 28AC8A0E273ADC81001B8421 /* Utilities.swift */; };
		28AC8A12273B10EE001B8421 /* Constants.swift in Sources */ = {isa = PBXBuildFile; fileRef = 28AC8A11273B10EE001B8421 /* Constants.swift */; };
		4BDA8FDF275490AD00CA8072 /* ResourceCell.swift in Sources */ = {isa = PBXBuildFile; fileRef = 4BDA8FDE275490AD00CA8072 /* ResourceCell.swift */; };
		4BDA8FE127549E2000CA8072 /* ResourceViewer.swift in Sources */ = {isa = PBXBuildFile; fileRef = 4BDA8FE027549E2000CA8072 /* ResourceViewer.swift */; };
		6B213AFA27517A270078DE8A /* Roster.swift in Sources */ = {isa = PBXBuildFile; fileRef = 6B213AF927517A270078DE8A /* Roster.swift */; };
		6B57E1802736E25300FB39D6 /* RosterViewController.swift in Sources */ = {isa = PBXBuildFile; fileRef = 6B57E17F2736E25300FB39D6 /* RosterViewController.swift */; };
		6B57E1822736EE7A00FB39D6 /* AnnouncementsViewController.swift in Sources */ = {isa = PBXBuildFile; fileRef = 6B57E1812736EE7A00FB39D6 /* AnnouncementsViewController.swift */; };
		6B57E1842736EE9000FB39D6 /* CalendarViewController.swift in Sources */ = {isa = PBXBuildFile; fileRef = 6B57E1832736EE9000FB39D6 /* CalendarViewController.swift */; };
		6B57E1862736EE9D00FB39D6 /* ResourcesViewController.swift in Sources */ = {isa = PBXBuildFile; fileRef = 6B57E1852736EE9D00FB39D6 /* ResourcesViewController.swift */; };
		6B57E1882736EEA900FB39D6 /* GuruViewController.swift in Sources */ = {isa = PBXBuildFile; fileRef = 6B57E1872736EEA900FB39D6 /* GuruViewController.swift */; };
		6B57E18A2736EEB400FB39D6 /* ExecViewController.swift in Sources */ = {isa = PBXBuildFile; fileRef = 6B57E1892736EEB400FB39D6 /* ExecViewController.swift */; };
		6B57E18C2736EEC400FB39D6 /* MessagingViewController.swift in Sources */ = {isa = PBXBuildFile; fileRef = 6B57E18B2736EEC400FB39D6 /* MessagingViewController.swift */; };
		6B57E18E2736EECF00FB39D6 /* GalleryViewController.swift in Sources */ = {isa = PBXBuildFile; fileRef = 6B57E18D2736EECF00FB39D6 /* GalleryViewController.swift */; };
		6B6794112730342100447203 /* AppDelegate.swift in Sources */ = {isa = PBXBuildFile; fileRef = 6B6794102730342100447203 /* AppDelegate.swift */; };
		6B6794132730342100447203 /* SceneDelegate.swift in Sources */ = {isa = PBXBuildFile; fileRef = 6B6794122730342100447203 /* SceneDelegate.swift */; };
		6B6794152730342100447203 /* HomeViewController.swift in Sources */ = {isa = PBXBuildFile; fileRef = 6B6794142730342100447203 /* HomeViewController.swift */; };
		6B6794182730342100447203 /* Main.storyboard in Resources */ = {isa = PBXBuildFile; fileRef = 6B6794162730342100447203 /* Main.storyboard */; };
		6B67941A2730342200447203 /* Assets.xcassets in Resources */ = {isa = PBXBuildFile; fileRef = 6B6794192730342200447203 /* Assets.xcassets */; };
		6B67941D2730342200447203 /* LaunchScreen.storyboard in Resources */ = {isa = PBXBuildFile; fileRef = 6B67941B2730342200447203 /* LaunchScreen.storyboard */; };
		F3A12D872758762A0020ECD1 /* NewAnnouncementVC.swift in Sources */ = {isa = PBXBuildFile; fileRef = F3A12D862758762A0020ECD1 /* NewAnnouncementVC.swift */; };
		F3DA93BA275AED59008C9DF0 /* Profile.swift in Sources */ = {isa = PBXBuildFile; fileRef = F3DA93B9275AED59008C9DF0 /* Profile.swift */; };
/* End PBXBuildFile section */

/* Begin PBXCopyFilesBuildPhase section */
		283C84872755C77F005A17AC /* Embed Frameworks */ = {
			isa = PBXCopyFilesBuildPhase;
			buildActionMask = 2147483647;
			dstPath = "";
			dstSubfolderSpec = 10;
			files = (
				283C84862755C77F005A17AC /* Pods_Final_Project_App.framework in Embed Frameworks */,
			);
			name = "Embed Frameworks";
			runOnlyForDeploymentPostprocessing = 0;
		};
/* End PBXCopyFilesBuildPhase section */

/* Begin PBXFileReference section */
		283C8480274D66B2005A17AC /* GalleryCollectionViewCell.swift */ = {isa = PBXFileReference; lastKnownFileType = sourcecode.swift; path = GalleryCollectionViewCell.swift; sourceTree = "<group>"; };
		283C8482274D8997005A17AC /* User.swift */ = {isa = PBXFileReference; lastKnownFileType = sourcecode.swift; path = User.swift; sourceTree = "<group>"; };
		283C84842755C77F005A17AC /* Pods_Final_Project_App.framework */ = {isa = PBXFileReference; explicitFileType = wrapper.framework; path = Pods_Final_Project_App.framework; sourceTree = BUILT_PRODUCTS_DIR; };
		2885BE352739C5270083911B /* GoogleService-Info.plist */ = {isa = PBXFileReference; fileEncoding = 4; lastKnownFileType = text.plist.xml; path = "GoogleService-Info.plist"; sourceTree = "<group>"; };
		28AC8A08273A256F001B8421 /* SignUpViewController.swift */ = {isa = PBXFileReference; lastKnownFileType = sourcecode.swift; path = SignUpViewController.swift; sourceTree = "<group>"; };
		28AC8A0A273A259A001B8421 /* LoginViewController.swift */ = {isa = PBXFileReference; lastKnownFileType = sourcecode.swift; path = LoginViewController.swift; sourceTree = "<group>"; };
		28AC8A0C273A2F73001B8421 /* BootUpViewController.swift */ = {isa = PBXFileReference; lastKnownFileType = sourcecode.swift; path = BootUpViewController.swift; sourceTree = "<group>"; };
		28AC8A0E273ADC81001B8421 /* Utilities.swift */ = {isa = PBXFileReference; lastKnownFileType = sourcecode.swift; path = Utilities.swift; sourceTree = "<group>"; };
		28AC8A11273B10EE001B8421 /* Constants.swift */ = {isa = PBXFileReference; lastKnownFileType = sourcecode.swift; path = Constants.swift; sourceTree = "<group>"; };
		4BDA8FDE275490AD00CA8072 /* ResourceCell.swift */ = {isa = PBXFileReference; lastKnownFileType = sourcecode.swift; path = ResourceCell.swift; sourceTree = "<group>"; };
		4BDA8FE027549E2000CA8072 /* ResourceViewer.swift */ = {isa = PBXFileReference; lastKnownFileType = sourcecode.swift; path = ResourceViewer.swift; sourceTree = "<group>"; };
		6B213AF927517A270078DE8A /* Roster.swift */ = {isa = PBXFileReference; lastKnownFileType = sourcecode.swift; path = Roster.swift; sourceTree = "<group>"; };
		6B57E17F2736E25300FB39D6 /* RosterViewController.swift */ = {isa = PBXFileReference; lastKnownFileType = sourcecode.swift; path = RosterViewController.swift; sourceTree = "<group>"; };
		6B57E1812736EE7A00FB39D6 /* AnnouncementsViewController.swift */ = {isa = PBXFileReference; lastKnownFileType = sourcecode.swift; path = AnnouncementsViewController.swift; sourceTree = "<group>"; };
		6B57E1832736EE9000FB39D6 /* CalendarViewController.swift */ = {isa = PBXFileReference; lastKnownFileType = sourcecode.swift; path = CalendarViewController.swift; sourceTree = "<group>"; };
		6B57E1852736EE9D00FB39D6 /* ResourcesViewController.swift */ = {isa = PBXFileReference; lastKnownFileType = sourcecode.swift; path = ResourcesViewController.swift; sourceTree = "<group>"; };
		6B57E1872736EEA900FB39D6 /* GuruViewController.swift */ = {isa = PBXFileReference; lastKnownFileType = sourcecode.swift; path = GuruViewController.swift; sourceTree = "<group>"; };
		6B57E1892736EEB400FB39D6 /* ExecViewController.swift */ = {isa = PBXFileReference; lastKnownFileType = sourcecode.swift; path = ExecViewController.swift; sourceTree = "<group>"; };
		6B57E18B2736EEC400FB39D6 /* MessagingViewController.swift */ = {isa = PBXFileReference; lastKnownFileType = sourcecode.swift; path = MessagingViewController.swift; sourceTree = "<group>"; };
		6B57E18D2736EECF00FB39D6 /* GalleryViewController.swift */ = {isa = PBXFileReference; lastKnownFileType = sourcecode.swift; path = GalleryViewController.swift; sourceTree = "<group>"; };
		6B67940D2730342100447203 /* Final Project App.app */ = {isa = PBXFileReference; explicitFileType = wrapper.application; includeInIndex = 0; path = "Final Project App.app"; sourceTree = BUILT_PRODUCTS_DIR; };
		6B6794102730342100447203 /* AppDelegate.swift */ = {isa = PBXFileReference; lastKnownFileType = sourcecode.swift; path = AppDelegate.swift; sourceTree = "<group>"; };
		6B6794122730342100447203 /* SceneDelegate.swift */ = {isa = PBXFileReference; lastKnownFileType = sourcecode.swift; path = SceneDelegate.swift; sourceTree = "<group>"; };
		6B6794142730342100447203 /* HomeViewController.swift */ = {isa = PBXFileReference; lastKnownFileType = sourcecode.swift; path = HomeViewController.swift; sourceTree = "<group>"; };
		6B6794172730342100447203 /* Base */ = {isa = PBXFileReference; lastKnownFileType = file.storyboard; name = Base; path = Base.lproj/Main.storyboard; sourceTree = "<group>"; };
		6B6794192730342200447203 /* Assets.xcassets */ = {isa = PBXFileReference; lastKnownFileType = folder.assetcatalog; path = Assets.xcassets; sourceTree = "<group>"; };
		6B67941C2730342200447203 /* Base */ = {isa = PBXFileReference; lastKnownFileType = file.storyboard; name = Base; path = Base.lproj/LaunchScreen.storyboard; sourceTree = "<group>"; };
		6B67941E2730342200447203 /* Info.plist */ = {isa = PBXFileReference; lastKnownFileType = text.plist.xml; path = Info.plist; sourceTree = "<group>"; };
		BBAB0DFFC651794D4B5C2440 /* Pods-Final Project App.release.xcconfig */ = {isa = PBXFileReference; includeInIndex = 1; lastKnownFileType = text.xcconfig; name = "Pods-Final Project App.release.xcconfig"; path = "Target Support Files/Pods-Final Project App/Pods-Final Project App.release.xcconfig"; sourceTree = "<group>"; };
		F3A12D862758762A0020ECD1 /* NewAnnouncementVC.swift */ = {isa = PBXFileReference; lastKnownFileType = sourcecode.swift; path = NewAnnouncementVC.swift; sourceTree = "<group>"; };
		F3DA93B9275AED59008C9DF0 /* Profile.swift */ = {isa = PBXFileReference; lastKnownFileType = sourcecode.swift; path = Profile.swift; sourceTree = "<group>"; };
		FEE052FD7199ADC2A9D98AB8 /* Pods-Final Project App.debug.xcconfig */ = {isa = PBXFileReference; includeInIndex = 1; lastKnownFileType = text.xcconfig; name = "Pods-Final Project App.debug.xcconfig"; path = "Target Support Files/Pods-Final Project App/Pods-Final Project App.debug.xcconfig"; sourceTree = "<group>"; };
/* End PBXFileReference section */

/* Begin PBXFrameworksBuildPhase section */
		6B67940A2730342100447203 /* Frameworks */ = {
			isa = PBXFrameworksBuildPhase;
			buildActionMask = 2147483647;
			files = (
				283C84852755C77F005A17AC /* Pods_Final_Project_App.framework in Frameworks */,
			);
			runOnlyForDeploymentPostprocessing = 0;
		};
/* End PBXFrameworksBuildPhase section */

/* Begin PBXGroup section */
		178421CEB03B9556CCD6EDCC /* Frameworks */ = {
			isa = PBXGroup;
			children = (
				283C84842755C77F005A17AC /* Pods_Final_Project_App.framework */,
			);
			name = Frameworks;
			sourceTree = "<group>";
		};
		28AC8A07273A253B001B8421 /* View Controllers */ = {
			isa = PBXGroup;
			children = (
				6B6794142730342100447203 /* HomeViewController.swift */,
				6B57E1812736EE7A00FB39D6 /* AnnouncementsViewController.swift */,
				6B57E17F2736E25300FB39D6 /* RosterViewController.swift */,
				6B57E1832736EE9000FB39D6 /* CalendarViewController.swift */,
				6B57E1852736EE9D00FB39D6 /* ResourcesViewController.swift */,
				6B57E18D2736EECF00FB39D6 /* GalleryViewController.swift */,
				6B57E1872736EEA900FB39D6 /* GuruViewController.swift */,
				6B57E1892736EEB400FB39D6 /* ExecViewController.swift */,
				6B57E18B2736EEC400FB39D6 /* MessagingViewController.swift */,
				28AC8A08273A256F001B8421 /* SignUpViewController.swift */,
				28AC8A0A273A259A001B8421 /* LoginViewController.swift */,
				28AC8A0C273A2F73001B8421 /* BootUpViewController.swift */,
				F3A12D862758762A0020ECD1 /* NewAnnouncementVC.swift */,
			);
			path = "View Controllers";
			sourceTree = "<group>";
		};
		28AC8A10273ADC87001B8421 /* Helpers */ = {
			isa = PBXGroup;
			children = (
				28AC8A0E273ADC81001B8421 /* Utilities.swift */,
				28AC8A11273B10EE001B8421 /* Constants.swift */,
				283C8482274D8997005A17AC /* User.swift */,
				6B213AF927517A270078DE8A /* Roster.swift */,
				F3DA93B9275AED59008C9DF0 /* Profile.swift */,
			);
			path = Helpers;
			sourceTree = "<group>";
		};
		6B6794042730342100447203 = {
			isa = PBXGroup;
			children = (
				6B67940F2730342100447203 /* Final Project App */,
				6B67940E2730342100447203 /* Products */,
				F1D2F5A249D25A16FD32038A /* Pods */,
				178421CEB03B9556CCD6EDCC /* Frameworks */,
			);
			sourceTree = "<group>";
		};
		6B67940E2730342100447203 /* Products */ = {
			isa = PBXGroup;
			children = (
				6B67940D2730342100447203 /* Final Project App.app */,
			);
			name = Products;
			sourceTree = "<group>";
		};
		6B67940F2730342100447203 /* Final Project App */ = {
			isa = PBXGroup;
			children = (
				28AC8A10273ADC87001B8421 /* Helpers */,
				6B6794102730342100447203 /* AppDelegate.swift */,
				28AC8A07273A253B001B8421 /* View Controllers */,
				6B6794122730342100447203 /* SceneDelegate.swift */,
				6B6794162730342100447203 /* Main.storyboard */,
				2885BE352739C5270083911B /* GoogleService-Info.plist */,
				6B6794192730342200447203 /* Assets.xcassets */,
				6B67941B2730342200447203 /* LaunchScreen.storyboard */,
				6B67941E2730342200447203 /* Info.plist */,
				283C8480274D66B2005A17AC /* GalleryCollectionViewCell.swift */,
				4BDA8FDE275490AD00CA8072 /* ResourceCell.swift */,
				4BDA8FE027549E2000CA8072 /* ResourceViewer.swift */,
			);
			path = "Final Project App";
			sourceTree = "<group>";
		};
		F1D2F5A249D25A16FD32038A /* Pods */ = {
			isa = PBXGroup;
			children = (
				FEE052FD7199ADC2A9D98AB8 /* Pods-Final Project App.debug.xcconfig */,
				BBAB0DFFC651794D4B5C2440 /* Pods-Final Project App.release.xcconfig */,
			);
			path = Pods;
			sourceTree = "<group>";
		};
/* End PBXGroup section */

/* Begin PBXNativeTarget section */
		6B67940C2730342100447203 /* Final Project App */ = {
			isa = PBXNativeTarget;
			buildConfigurationList = 6B6794212730342200447203 /* Build configuration list for PBXNativeTarget "Final Project App" */;
			buildPhases = (
				51D744D7D394A22F73707FB9 /* [CP] Check Pods Manifest.lock */,
				6B6794092730342100447203 /* Sources */,
				6B67940A2730342100447203 /* Frameworks */,
				6B67940B2730342100447203 /* Resources */,
				097616F3237BD589DFCB0BC6 /* [CP] Embed Pods Frameworks */,
				13C489A63C5C56CA5C10ED2D /* [CP] Copy Pods Resources */,
				283C84872755C77F005A17AC /* Embed Frameworks */,
			);
			buildRules = (
			);
			dependencies = (
			);
			name = "Final Project App";
			productName = "Final Project App";
			productReference = 6B67940D2730342100447203 /* Final Project App.app */;
			productType = "com.apple.product-type.application";
		};
/* End PBXNativeTarget section */

/* Begin PBXProject section */
		6B6794052730342100447203 /* Project object */ = {
			isa = PBXProject;
			attributes = {
				LastSwiftUpdateCheck = 1250;
				LastUpgradeCheck = 1250;
				TargetAttributes = {
					6B67940C2730342100447203 = {
						CreatedOnToolsVersion = 12.5;
					};
				};
			};
			buildConfigurationList = 6B6794082730342100447203 /* Build configuration list for PBXProject "Final Project App" */;
			compatibilityVersion = "Xcode 9.3";
			developmentRegion = en;
			hasScannedForEncodings = 0;
			knownRegions = (
				en,
				Base,
			);
			mainGroup = 6B6794042730342100447203;
			productRefGroup = 6B67940E2730342100447203 /* Products */;
			projectDirPath = "";
			projectRoot = "";
			targets = (
				6B67940C2730342100447203 /* Final Project App */,
			);
		};
/* End PBXProject section */

/* Begin PBXResourcesBuildPhase section */
		6B67940B2730342100447203 /* Resources */ = {
			isa = PBXResourcesBuildPhase;
			buildActionMask = 2147483647;
			files = (
				6B67941D2730342200447203 /* LaunchScreen.storyboard in Resources */,
				2885BE362739C5270083911B /* GoogleService-Info.plist in Resources */,
				6B67941A2730342200447203 /* Assets.xcassets in Resources */,
				6B6794182730342100447203 /* Main.storyboard in Resources */,
			);
			runOnlyForDeploymentPostprocessing = 0;
		};
/* End PBXResourcesBuildPhase section */

/* Begin PBXShellScriptBuildPhase section */
		097616F3237BD589DFCB0BC6 /* [CP] Embed Pods Frameworks */ = {
			isa = PBXShellScriptBuildPhase;
			buildActionMask = 2147483647;
			files = (
			);
			inputFileListPaths = (
				"${PODS_ROOT}/Target Support Files/Pods-Final Project App/Pods-Final Project App-frameworks-${CONFIGURATION}-input-files.xcfilelist",
			);
			name = "[CP] Embed Pods Frameworks";
			outputFileListPaths = (
				"${PODS_ROOT}/Target Support Files/Pods-Final Project App/Pods-Final Project App-frameworks-${CONFIGURATION}-output-files.xcfilelist",
			);
			runOnlyForDeploymentPostprocessing = 0;
			shellPath = /bin/sh;
			shellScript = "\"${PODS_ROOT}/Target Support Files/Pods-Final Project App/Pods-Final Project App-frameworks.sh\"\n";
			showEnvVarsInLog = 0;
		};
		13C489A63C5C56CA5C10ED2D /* [CP] Copy Pods Resources */ = {
			isa = PBXShellScriptBuildPhase;
			buildActionMask = 2147483647;
			files = (
			);
			inputFileListPaths = (
				"${PODS_ROOT}/Target Support Files/Pods-Final Project App/Pods-Final Project App-resources-${CONFIGURATION}-input-files.xcfilelist",
			);
			name = "[CP] Copy Pods Resources";
			outputFileListPaths = (
				"${PODS_ROOT}/Target Support Files/Pods-Final Project App/Pods-Final Project App-resources-${CONFIGURATION}-output-files.xcfilelist",
			);
			runOnlyForDeploymentPostprocessing = 0;
			shellPath = /bin/sh;
			shellScript = "\"${PODS_ROOT}/Target Support Files/Pods-Final Project App/Pods-Final Project App-resources.sh\"\n";
			showEnvVarsInLog = 0;
		};
		51D744D7D394A22F73707FB9 /* [CP] Check Pods Manifest.lock */ = {
			isa = PBXShellScriptBuildPhase;
			buildActionMask = 2147483647;
			files = (
			);
			inputFileListPaths = (
			);
			inputPaths = (
				"${PODS_PODFILE_DIR_PATH}/Podfile.lock",
				"${PODS_ROOT}/Manifest.lock",
			);
			name = "[CP] Check Pods Manifest.lock";
			outputFileListPaths = (
			);
			outputPaths = (
				"$(DERIVED_FILE_DIR)/Pods-Final Project App-checkManifestLockResult.txt",
			);
			runOnlyForDeploymentPostprocessing = 0;
			shellPath = /bin/sh;
			shellScript = "diff \"${PODS_PODFILE_DIR_PATH}/Podfile.lock\" \"${PODS_ROOT}/Manifest.lock\" > /dev/null\nif [ $? != 0 ] ; then\n    # print error to STDERR\n    echo \"error: The sandbox is not in sync with the Podfile.lock. Run 'pod install' or update your CocoaPods installation.\" >&2\n    exit 1\nfi\n# This output is used by Xcode 'outputs' to avoid re-running this script phase.\necho \"SUCCESS\" > \"${SCRIPT_OUTPUT_FILE_0}\"\n";
			showEnvVarsInLog = 0;
		};
/* End PBXShellScriptBuildPhase section */

/* Begin PBXSourcesBuildPhase section */
		6B6794092730342100447203 /* Sources */ = {
			isa = PBXSourcesBuildPhase;
			buildActionMask = 2147483647;
			files = (
				6B57E18E2736EECF00FB39D6 /* GalleryViewController.swift in Sources */,
				28AC8A0D273A2F74001B8421 /* BootUpViewController.swift in Sources */,
				283C8481274D66B2005A17AC /* GalleryCollectionViewCell.swift in Sources */,
				F3DA93BA275AED59008C9DF0 /* Profile.swift in Sources */,
				6B57E1842736EE9000FB39D6 /* CalendarViewController.swift in Sources */,
				28AC8A0F273ADC81001B8421 /* Utilities.swift in Sources */,
				4BDA8FDF275490AD00CA8072 /* ResourceCell.swift in Sources */,
				F3A12D872758762A0020ECD1 /* NewAnnouncementVC.swift in Sources */,
				6B6794152730342100447203 /* HomeViewController.swift in Sources */,
				6B6794112730342100447203 /* AppDelegate.swift in Sources */,
				6B57E18C2736EEC400FB39D6 /* MessagingViewController.swift in Sources */,
				28AC8A12273B10EE001B8421 /* Constants.swift in Sources */,
				6B57E1862736EE9D00FB39D6 /* ResourcesViewController.swift in Sources */,
				28AC8A09273A256F001B8421 /* SignUpViewController.swift in Sources */,
				6B57E1822736EE7A00FB39D6 /* AnnouncementsViewController.swift in Sources */,
				6B57E18A2736EEB400FB39D6 /* ExecViewController.swift in Sources */,
				6B57E1882736EEA900FB39D6 /* GuruViewController.swift in Sources */,
				283C8483274D8997005A17AC /* User.swift in Sources */,
				4BDA8FE127549E2000CA8072 /* ResourceViewer.swift in Sources */,
				6B6794132730342100447203 /* SceneDelegate.swift in Sources */,
				6B213AFA27517A270078DE8A /* Roster.swift in Sources */,
				28AC8A0B273A259A001B8421 /* LoginViewController.swift in Sources */,
				6B57E1802736E25300FB39D6 /* RosterViewController.swift in Sources */,
			);
			runOnlyForDeploymentPostprocessing = 0;
		};
/* End PBXSourcesBuildPhase section */

/* Begin PBXVariantGroup section */
		6B6794162730342100447203 /* Main.storyboard */ = {
			isa = PBXVariantGroup;
			children = (
				6B6794172730342100447203 /* Base */,
			);
			name = Main.storyboard;
			sourceTree = "<group>";
		};
		6B67941B2730342200447203 /* LaunchScreen.storyboard */ = {
			isa = PBXVariantGroup;
			children = (
				6B67941C2730342200447203 /* Base */,
			);
			name = LaunchScreen.storyboard;
			sourceTree = "<group>";
		};
/* End PBXVariantGroup section */

/* Begin XCBuildConfiguration section */
		6B67941F2730342200447203 /* Debug */ = {
			isa = XCBuildConfiguration;
			buildSettings = {
				ALWAYS_SEARCH_USER_PATHS = NO;
				CLANG_ANALYZER_NONNULL = YES;
				CLANG_ANALYZER_NUMBER_OBJECT_CONVERSION = YES_AGGRESSIVE;
				CLANG_CXX_LANGUAGE_STANDARD = "gnu++14";
				CLANG_CXX_LIBRARY = "libc++";
				CLANG_ENABLE_MODULES = YES;
				CLANG_ENABLE_OBJC_ARC = YES;
				CLANG_ENABLE_OBJC_WEAK = YES;
				CLANG_WARN_BLOCK_CAPTURE_AUTORELEASING = YES;
				CLANG_WARN_BOOL_CONVERSION = YES;
				CLANG_WARN_COMMA = YES;
				CLANG_WARN_CONSTANT_CONVERSION = YES;
				CLANG_WARN_DEPRECATED_OBJC_IMPLEMENTATIONS = YES;
				CLANG_WARN_DIRECT_OBJC_ISA_USAGE = YES_ERROR;
				CLANG_WARN_DOCUMENTATION_COMMENTS = YES;
				CLANG_WARN_EMPTY_BODY = YES;
				CLANG_WARN_ENUM_CONVERSION = YES;
				CLANG_WARN_INFINITE_RECURSION = YES;
				CLANG_WARN_INT_CONVERSION = YES;
				CLANG_WARN_NON_LITERAL_NULL_CONVERSION = YES;
				CLANG_WARN_OBJC_IMPLICIT_RETAIN_SELF = YES;
				CLANG_WARN_OBJC_LITERAL_CONVERSION = YES;
				CLANG_WARN_OBJC_ROOT_CLASS = YES_ERROR;
				CLANG_WARN_QUOTED_INCLUDE_IN_FRAMEWORK_HEADER = YES;
				CLANG_WARN_RANGE_LOOP_ANALYSIS = YES;
				CLANG_WARN_STRICT_PROTOTYPES = YES;
				CLANG_WARN_SUSPICIOUS_MOVE = YES;
				CLANG_WARN_UNGUARDED_AVAILABILITY = YES_AGGRESSIVE;
				CLANG_WARN_UNREACHABLE_CODE = YES;
				CLANG_WARN__DUPLICATE_METHOD_MATCH = YES;
				COPY_PHASE_STRIP = NO;
				DEBUG_INFORMATION_FORMAT = dwarf;
				ENABLE_STRICT_OBJC_MSGSEND = YES;
				ENABLE_TESTABILITY = YES;
				GCC_C_LANGUAGE_STANDARD = gnu11;
				GCC_DYNAMIC_NO_PIC = NO;
				GCC_NO_COMMON_BLOCKS = YES;
				GCC_OPTIMIZATION_LEVEL = 0;
				GCC_PREPROCESSOR_DEFINITIONS = (
					"DEBUG=1",
					"$(inherited)",
				);
				GCC_WARN_64_TO_32_BIT_CONVERSION = YES;
				GCC_WARN_ABOUT_RETURN_TYPE = YES_ERROR;
				GCC_WARN_UNDECLARED_SELECTOR = YES;
				GCC_WARN_UNINITIALIZED_AUTOS = YES_AGGRESSIVE;
				GCC_WARN_UNUSED_FUNCTION = YES;
				GCC_WARN_UNUSED_VARIABLE = YES;
				IPHONEOS_DEPLOYMENT_TARGET = 14.5;
				MTL_ENABLE_DEBUG_INFO = INCLUDE_SOURCE;
				MTL_FAST_MATH = YES;
				ONLY_ACTIVE_ARCH = YES;
				SDKROOT = iphoneos;
				SWIFT_ACTIVE_COMPILATION_CONDITIONS = DEBUG;
				SWIFT_OPTIMIZATION_LEVEL = "-Onone";
			};
			name = Debug;
		};
		6B6794202730342200447203 /* Release */ = {
			isa = XCBuildConfiguration;
			buildSettings = {
				ALWAYS_SEARCH_USER_PATHS = NO;
				CLANG_ANALYZER_NONNULL = YES;
				CLANG_ANALYZER_NUMBER_OBJECT_CONVERSION = YES_AGGRESSIVE;
				CLANG_CXX_LANGUAGE_STANDARD = "gnu++14";
				CLANG_CXX_LIBRARY = "libc++";
				CLANG_ENABLE_MODULES = YES;
				CLANG_ENABLE_OBJC_ARC = YES;
				CLANG_ENABLE_OBJC_WEAK = YES;
				CLANG_WARN_BLOCK_CAPTURE_AUTORELEASING = YES;
				CLANG_WARN_BOOL_CONVERSION = YES;
				CLANG_WARN_COMMA = YES;
				CLANG_WARN_CONSTANT_CONVERSION = YES;
				CLANG_WARN_DEPRECATED_OBJC_IMPLEMENTATIONS = YES;
				CLANG_WARN_DIRECT_OBJC_ISA_USAGE = YES_ERROR;
				CLANG_WARN_DOCUMENTATION_COMMENTS = YES;
				CLANG_WARN_EMPTY_BODY = YES;
				CLANG_WARN_ENUM_CONVERSION = YES;
				CLANG_WARN_INFINITE_RECURSION = YES;
				CLANG_WARN_INT_CONVERSION = YES;
				CLANG_WARN_NON_LITERAL_NULL_CONVERSION = YES;
				CLANG_WARN_OBJC_IMPLICIT_RETAIN_SELF = YES;
				CLANG_WARN_OBJC_LITERAL_CONVERSION = YES;
				CLANG_WARN_OBJC_ROOT_CLASS = YES_ERROR;
				CLANG_WARN_QUOTED_INCLUDE_IN_FRAMEWORK_HEADER = YES;
				CLANG_WARN_RANGE_LOOP_ANALYSIS = YES;
				CLANG_WARN_STRICT_PROTOTYPES = YES;
				CLANG_WARN_SUSPICIOUS_MOVE = YES;
				CLANG_WARN_UNGUARDED_AVAILABILITY = YES_AGGRESSIVE;
				CLANG_WARN_UNREACHABLE_CODE = YES;
				CLANG_WARN__DUPLICATE_METHOD_MATCH = YES;
				COPY_PHASE_STRIP = NO;
				DEBUG_INFORMATION_FORMAT = "dwarf-with-dsym";
				ENABLE_NS_ASSERTIONS = NO;
				ENABLE_STRICT_OBJC_MSGSEND = YES;
				GCC_C_LANGUAGE_STANDARD = gnu11;
				GCC_NO_COMMON_BLOCKS = YES;
				GCC_WARN_64_TO_32_BIT_CONVERSION = YES;
				GCC_WARN_ABOUT_RETURN_TYPE = YES_ERROR;
				GCC_WARN_UNDECLARED_SELECTOR = YES;
				GCC_WARN_UNINITIALIZED_AUTOS = YES_AGGRESSIVE;
				GCC_WARN_UNUSED_FUNCTION = YES;
				GCC_WARN_UNUSED_VARIABLE = YES;
				IPHONEOS_DEPLOYMENT_TARGET = 14.5;
				MTL_ENABLE_DEBUG_INFO = NO;
				MTL_FAST_MATH = YES;
				SDKROOT = iphoneos;
				SWIFT_COMPILATION_MODE = wholemodule;
				SWIFT_OPTIMIZATION_LEVEL = "-O";
				VALIDATE_PRODUCT = YES;
			};
			name = Release;
		};
		6B6794222730342200447203 /* Debug */ = {
			isa = XCBuildConfiguration;
			baseConfigurationReference = FEE052FD7199ADC2A9D98AB8 /* Pods-Final Project App.debug.xcconfig */;
			buildSettings = {
				ASSETCATALOG_COMPILER_APPICON_NAME = AppIcon;
				ASSETCATALOG_COMPILER_GLOBAL_ACCENT_COLOR_NAME = AccentColor;
				CODE_SIGN_STYLE = Automatic;
				DEVELOPMENT_TEAM = "";
				INFOPLIST_FILE = "Final Project App/Info.plist";
				IPHONEOS_DEPLOYMENT_TARGET = 14.3;
				LD_RUNPATH_SEARCH_PATHS = (
					"$(inherited)",
					"@executable_path/Frameworks",
				);
				PRODUCT_BUNDLE_IDENTIFIER = "edu.wustl.Final-Project-App";
				PRODUCT_NAME = "$(TARGET_NAME)";
				SWIFT_VERSION = 5.0;
				TARGETED_DEVICE_FAMILY = "1,2";
			};
			name = Debug;
		};
		6B6794232730342200447203 /* Release */ = {
			isa = XCBuildConfiguration;
			baseConfigurationReference = BBAB0DFFC651794D4B5C2440 /* Pods-Final Project App.release.xcconfig */;
			buildSettings = {
				ASSETCATALOG_COMPILER_APPICON_NAME = AppIcon;
				ASSETCATALOG_COMPILER_GLOBAL_ACCENT_COLOR_NAME = AccentColor;
				CODE_SIGN_STYLE = Automatic;
				DEVELOPMENT_TEAM = "";
				INFOPLIST_FILE = "Final Project App/Info.plist";
				IPHONEOS_DEPLOYMENT_TARGET = 14.3;
				LD_RUNPATH_SEARCH_PATHS = (
					"$(inherited)",
					"@executable_path/Frameworks",
				);
				PRODUCT_BUNDLE_IDENTIFIER = "edu.wustl.Final-Project-App";
				PRODUCT_NAME = "$(TARGET_NAME)";
				SWIFT_VERSION = 5.0;
				TARGETED_DEVICE_FAMILY = "1,2";
			};
			name = Release;
		};
/* End XCBuildConfiguration section */

/* Begin XCConfigurationList section */
		6B6794082730342100447203 /* Build configuration list for PBXProject "Final Project App" */ = {
			isa = XCConfigurationList;
			buildConfigurations = (
				6B67941F2730342200447203 /* Debug */,
				6B6794202730342200447203 /* Release */,
			);
			defaultConfigurationIsVisible = 0;
			defaultConfigurationName = Release;
		};
		6B6794212730342200447203 /* Build configuration list for PBXNativeTarget "Final Project App" */ = {
			isa = XCConfigurationList;
			buildConfigurations = (
				6B6794222730342200447203 /* Debug */,
				6B6794232730342200447203 /* Release */,
			);
			defaultConfigurationIsVisible = 0;
			defaultConfigurationName = Release;
		};
/* End XCConfigurationList section */
	};
	rootObject = 6B6794052730342100447203 /* Project object */;
}
